
Microsoft Visual Studio Solution File, Format Version 11.00
# Visual Studio 2010
Project("{8BC9CEB8-8B4A-11D0-8D11-00A0C91BC942}") = "ArchLauncher", "ArchLauncher\ArchLauncher.vcxproj", "{6F5B5F3F-BDB6-475D-B203-F5EBAAF291DB}"
EndProject
Project("{8BC9CEB8-8B4A-11D0-8D11-00A0C91BC942}") = "ArchEngine", "ArchEngine\ArchEngine.vcxproj", "{ECF00D1D-F68B-4566-8CC1-A40914D77FDC}"
EndProject
Global
	GlobalSection(SolutionConfigurationPlatforms) = preSolution
		DEBUG|.NET = DEBUG|.NET
		DEBUG|Any CPU = DEBUG|Any CPU
		DEBUG|Mixed Platforms = DEBUG|Mixed Platforms
		DEBUG|Win32 = DEBUG|Win32
		DEBUG|Xbox 360 = DEBUG|Xbox 360
		DEVELOPMENT|.NET = DEVELOPMENT|.NET
		DEVELOPMENT|Any CPU = DEVELOPMENT|Any CPU
		DEVELOPMENT|Mixed Platforms = DEVELOPMENT|Mixed Platforms
		DEVELOPMENT|Win32 = DEVELOPMENT|Win32
		DEVELOPMENT|Xbox 360 = DEVELOPMENT|Xbox 360
		RETAIL|.NET = RETAIL|.NET
		RETAIL|Any CPU = RETAIL|Any CPU
		RETAIL|Mixed Platforms = RETAIL|Mixed Platforms
		RETAIL|Win32 = RETAIL|Win32
		RETAIL|Xbox 360 = RETAIL|Xbox 360
		UNIVERSAL|.NET = UNIVERSAL|.NET
		UNIVERSAL|Any CPU = UNIVERSAL|Any CPU
		UNIVERSAL|Mixed Platforms = UNIVERSAL|Mixed Platforms
		UNIVERSAL|Win32 = UNIVERSAL|Win32
		UNIVERSAL|Xbox 360 = UNIVERSAL|Xbox 360
	EndGlobalSection
	GlobalSection(ProjectConfigurationPlatforms) = postSolution
		{6F5B5F3F-BDB6-475D-B203-F5EBAAF291DB}.DEBUG|.NET.ActiveCfg = UNIVERSAL|Xbox 360
		{6F5B5F3F-BDB6-475D-B203-F5EBAAF291DB}.DEBUG|Any CPU.ActiveCfg = UNIVERSAL|Xbox 360
		{6F5B5F3F-BDB6-475D-B203-F5EBAAF291DB}.DEBUG|Mixed Platforms.ActiveCfg = UNIVERSAL|Xbox 360
		{6F5B5F3F-BDB6-475D-B203-F5EBAAF291DB}.DEBUG|Mixed Platforms.Build.0 = UNIVERSAL|Xbox 360
		{6F5B5F3F-BDB6-475D-B203-F5EBAAF291DB}.DEBUG|Mixed Platforms.Deploy.0 = UNIVERSAL|Xbox 360
		{6F5B5F3F-BDB6-475D-B203-F5EBAAF291DB}.DEBUG|Win32.ActiveCfg = UNIVERSAL|Xbox 360
		{6F5B5F3F-BDB6-475D-B203-F5EBAAF291DB}.DEBUG|Xbox 360.ActiveCfg = UNIVERSAL|Xbox 360
		{6F5B5F3F-BDB6-475D-B203-F5EBAAF291DB}.DEBUG|Xbox 360.Build.0 = UNIVERSAL|Xbox 360
		{6F5B5F3F-BDB6-475D-B203-F5EBAAF291DB}.DEBUG|Xbox 360.Deploy.0 = UNIVERSAL|Xbox 360
		{6F5B5F3F-BDB6-475D-B203-F5EBAAF291DB}.DEVELOPMENT|.NET.ActiveCfg = UNIVERSAL|Xbox 360
		{6F5B5F3F-BDB6-475D-B203-F5EBAAF291DB}.DEVELOPMENT|Any CPU.ActiveCfg = UNIVERSAL|Xbox 360
		{6F5B5F3F-BDB6-475D-B203-F5EBAAF291DB}.DEVELOPMENT|Mixed Platforms.ActiveCfg = UNIVERSAL|Xbox 360
		{6F5B5F3F-BDB6-475D-B203-F5EBAAF291DB}.DEVELOPMENT|Mixed Platforms.Build.0 = UNIVERSAL|Xbox 360
		{6F5B5F3F-BDB6-475D-B203-F5EBAAF291DB}.DEVELOPMENT|Mixed Platforms.Deploy.0 = UNIVERSAL|Xbox 360
		{6F5B5F3F-BDB6-475D-B203-F5EBAAF291DB}.DEVELOPMENT|Win32.ActiveCfg = UNIVERSAL|Xbox 360
		{6F5B5F3F-BDB6-475D-B203-F5EBAAF291DB}.DEVELOPMENT|Xbox 360.ActiveCfg = UNIVERSAL|Xbox 360
		{6F5B5F3F-BDB6-475D-B203-F5EBAAF291DB}.DEVELOPMENT|Xbox 360.Build.0 = UNIVERSAL|Xbox 360
		{6F5B5F3F-BDB6-475D-B203-F5EBAAF291DB}.DEVELOPMENT|Xbox 360.Deploy.0 = UNIVERSAL|Xbox 360
		{6F5B5F3F-BDB6-475D-B203-F5EBAAF291DB}.RETAIL|.NET.ActiveCfg = UNIVERSAL|Xbox 360
		{6F5B5F3F-BDB6-475D-B203-F5EBAAF291DB}.RETAIL|Any CPU.ActiveCfg = UNIVERSAL|Xbox 360
		{6F5B5F3F-BDB6-475D-B203-F5EBAAF291DB}.RETAIL|Mixed Platforms.ActiveCfg = UNIVERSAL|Xbox 360
		{6F5B5F3F-BDB6-475D-B203-F5EBAAF291DB}.RETAIL|Mixed Platforms.Build.0 = UNIVERSAL|Xbox 360
		{6F5B5F3F-BDB6-475D-B203-F5EBAAF291DB}.RETAIL|Mixed Platforms.Deploy.0 = UNIVERSAL|Xbox 360
		{6F5B5F3F-BDB6-475D-B203-F5EBAAF291DB}.RETAIL|Win32.ActiveCfg = UNIVERSAL|Xbox 360
		{6F5B5F3F-BDB6-475D-B203-F5EBAAF291DB}.RETAIL|Xbox 360.ActiveCfg = UNIVERSAL|Xbox 360
		{6F5B5F3F-BDB6-475D-B203-F5EBAAF291DB}.RETAIL|Xbox 360.Build.0 = UNIVERSAL|Xbox 360
		{6F5B5F3F-BDB6-475D-B203-F5EBAAF291DB}.RETAIL|Xbox 360.Deploy.0 = UNIVERSAL|Xbox 360
		{6F5B5F3F-BDB6-475D-B203-F5EBAAF291DB}.UNIVERSAL|.NET.ActiveCfg = UNIVERSAL|Xbox 360
		{6F5B5F3F-BDB6-475D-B203-F5EBAAF291DB}.UNIVERSAL|Any CPU.ActiveCfg = UNIVERSAL|Xbox 360
		{6F5B5F3F-BDB6-475D-B203-F5EBAAF291DB}.UNIVERSAL|Mixed Platforms.ActiveCfg = UNIVERSAL|Xbox 360
		{6F5B5F3F-BDB6-475D-B203-F5EBAAF291DB}.UNIVERSAL|Mixed Platforms.Build.0 = UNIVERSAL|Xbox 360
		{6F5B5F3F-BDB6-475D-B203-F5EBAAF291DB}.UNIVERSAL|Mixed Platforms.Deploy.0 = UNIVERSAL|Xbox 360
		{6F5B5F3F-BDB6-475D-B203-F5EBAAF291DB}.UNIVERSAL|Win32.ActiveCfg = UNIVERSAL|Win32
		{6F5B5F3F-BDB6-475D-B203-F5EBAAF291DB}.UNIVERSAL|Win32.Build.0 = UNIVERSAL|Win32
		{6F5B5F3F-BDB6-475D-B203-F5EBAAF291DB}.UNIVERSAL|Xbox 360.ActiveCfg = UNIVERSAL|Xbox 360
		{6F5B5F3F-BDB6-475D-B203-F5EBAAF291DB}.UNIVERSAL|Xbox 360.Build.0 = UNIVERSAL|Xbox 360
		{6F5B5F3F-BDB6-475D-B203-F5EBAAF291DB}.UNIVERSAL|Xbox 360.Deploy.0 = UNIVERSAL|Xbox 360
		{ECF00D1D-F68B-4566-8CC1-A40914D77FDC}.DEBUG|.NET.ActiveCfg = DEVELOPMENT|Xbox 360
		{ECF00D1D-F68B-4566-8CC1-A40914D77FDC}.DEBUG|Any CPU.ActiveCfg = DEVELOPMENT|Xbox 360
		{ECF00D1D-F68B-4566-8CC1-A40914D77FDC}.DEBUG|Mixed Platforms.ActiveCfg = DEVELOPMENT|Xbox 360
		{ECF00D1D-F68B-4566-8CC1-A40914D77FDC}.DEBUG|Mixed Platforms.Build.0 = DEVELOPMENT|Xbox 360
		{ECF00D1D-F68B-4566-8CC1-A40914D77FDC}.DEBUG|Mixed Platforms.Deploy.0 = DEVELOPMENT|Xbox 360
		{ECF00D1D-F68B-4566-8CC1-A40914D77FDC}.DEBUG|Win32.ActiveCfg = DEVELOPMENT|Xbox 360
		{ECF00D1D-F68B-4566-8CC1-A40914D77FDC}.DEBUG|Xbox 360.ActiveCfg = DEVELOPMENT|Xbox 360
		{ECF00D1D-F68B-4566-8CC1-A40914D77FDC}.DEBUG|Xbox 360.Build.0 = DEVELOPMENT|Xbox 360
		{ECF00D1D-F68B-4566-8CC1-A40914D77FDC}.DEBUG|Xbox 360.Deploy.0 = DEVELOPMENT|Xbox 360
		{ECF00D1D-F68B-4566-8CC1-A40914D77FDC}.DEVELOPMENT|.NET.ActiveCfg = DEVELOPMENT|Xbox 360
		{ECF00D1D-F68B-4566-8CC1-A40914D77FDC}.DEVELOPMENT|Any CPU.ActiveCfg = DEVELOPMENT|Xbox 360
		{ECF00D1D-F68B-4566-8CC1-A40914D77FDC}.DEVELOPMENT|Mixed Platforms.ActiveCfg = DEVELOPMENT|Xbox 360
		{ECF00D1D-F68B-4566-8CC1-A40914D77FDC}.DEVELOPMENT|Mixed Platforms.Build.0 = DEVELOPMENT|Xbox 360
		{ECF00D1D-F68B-4566-8CC1-A40914D77FDC}.DEVELOPMENT|Mixed Platforms.Deploy.0 = DEVELOPMENT|Xbox 360
		{ECF00D1D-F68B-4566-8CC1-A40914D77FDC}.DEVELOPMENT|Win32.ActiveCfg = DEVELOPMENT|Win32
		{ECF00D1D-F68B-4566-8CC1-A40914D77FDC}.DEVELOPMENT|Win32.Build.0 = DEVELOPMENT|Win32
		{ECF00D1D-F68B-4566-8CC1-A40914D77FDC}.DEVELOPMENT|Xbox 360.ActiveCfg = DEVELOPMENT|Xbox 360
		{ECF00D1D-F68B-4566-8CC1-A40914D77FDC}.DEVELOPMENT|Xbox 360.Build.0 = DEVELOPMENT|Xbox 360
		{ECF00D1D-F68B-4566-8CC1-A40914D77FDC}.DEVELOPMENT|Xbox 360.Deploy.0 = DEVELOPMENT|Xbox 360
		{ECF00D1D-F68B-4566-8CC1-A40914D77FDC}.RETAIL|.NET.ActiveCfg = RETAIL|Xbox 360
		{ECF00D1D-F68B-4566-8CC1-A40914D77FDC}.RETAIL|Any CPU.ActiveCfg = RETAIL|Xbox 360
		{ECF00D1D-F68B-4566-8CC1-A40914D77FDC}.RETAIL|Mixed Platforms.ActiveCfg = RETAIL|Xbox 360
		{ECF00D1D-F68B-4566-8CC1-A40914D77FDC}.RETAIL|Mixed Platforms.Build.0 = RETAIL|Xbox 360
		{ECF00D1D-F68B-4566-8CC1-A40914D77FDC}.RETAIL|Mixed Platforms.Deploy.0 = RETAIL|Xbox 360
		{ECF00D1D-F68B-4566-8CC1-A40914D77FDC}.RETAIL|Win32.ActiveCfg = RETAIL|Win32
		{ECF00D1D-F68B-4566-8CC1-A40914D77FDC}.RETAIL|Win32.Build.0 = RETAIL|Win32
		{ECF00D1D-F68B-4566-8CC1-A40914D77FDC}.RETAIL|Xbox 360.ActiveCfg = RETAIL|Xbox 360
		{ECF00D1D-F68B-4566-8CC1-A40914D77FDC}.RETAIL|Xbox 360.Build.0 = RETAIL|Xbox 360
		{ECF00D1D-F68B-4566-8CC1-A40914D77FDC}.RETAIL|Xbox 360.Deploy.0 = RETAIL|Xbox 360
		{ECF00D1D-F68B-4566-8CC1-A40914D77FDC}.UNIVERSAL|.NET.ActiveCfg = RETAIL|Xbox 360
		{ECF00D1D-F68B-4566-8CC1-A40914D77FDC}.UNIVERSAL|Any CPU.ActiveCfg = RETAIL|Xbox 360
		{ECF00D1D-F68B-4566-8CC1-A40914D77FDC}.UNIVERSAL|Mixed Platforms.ActiveCfg = RETAIL|Xbox 360
		{ECF00D1D-F68B-4566-8CC1-A40914D77FDC}.UNIVERSAL|Mixed Platforms.Build.0 = RETAIL|Xbox 360
		{ECF00D1D-F68B-4566-8CC1-A40914D77FDC}.UNIVERSAL|Mixed Platforms.Deploy.0 = RETAIL|Xbox 360
		{ECF00D1D-F68B-4566-8CC1-A40914D77FDC}.UNIVERSAL|Win32.ActiveCfg = RETAIL|Xbox 360
		{ECF00D1D-F68B-4566-8CC1-A40914D77FDC}.UNIVERSAL|Xbox 360.ActiveCfg = RETAIL|Xbox 360
		{ECF00D1D-F68B-4566-8CC1-A40914D77FDC}.UNIVERSAL|Xbox 360.Build.0 = RETAIL|Xbox 360
		{ECF00D1D-F68B-4566-8CC1-A40914D77FDC}.UNIVERSAL|Xbox 360.Deploy.0 = RETAIL|Xbox 360
	EndGlobalSection
	GlobalSection(SolutionProperties) = preSolution
		HideSolutionNode = FALSE
	EndGlobalSection
EndGlobal
